
Microsoft Visual Studio Solution File, Format Version 12.00
# Visual Studio Version 16
VisualStudioVersion = 16.0.32228.343
MinimumVisualStudioVersion = 10.0.40219.1
Project("{FAE04EC0-301F-11D3-BF4B-00C04F79EFBC}") = "WebApplication7", "WebApplication7.csproj", "{C5F008AD-8878-4507-AC20-D02DF4A3765B}"
EndProject
Global
	GlobalSection(SolutionConfigurationPlatforms) = preSolution
		Debug|Any CPU = Debug|Any CPU
		Release|Any CPU = Release|Any CPU
	EndGlobalSection
	GlobalSection(ProjectConfigurationPlatforms) = postSolution
		{C5F008AD-8878-4507-AC20-D02DF4A3765B}.Debug|Any CPU.ActiveCfg = Debug|Any CPU
		{C5F008AD-8878-4507-AC20-D02DF4A3765B}.Debug|Any CPU.Build.0 = Debug|Any CPU
		{C5F008AD-8878-4507-AC20-D02DF4A3765B}.Release|Any CPU.ActiveCfg = Release|Any CPU
		{C5F008AD-8878-4507-AC20-D02DF4A3765B}.Release|Any CPU.Build.0 = Release|Any CPU
	EndGlobalSection
	GlobalSection(SolutionProperties) = preSolution
		HideSolutionNode = FALSE
	EndGlobalSection
	GlobalSection(ExtensibilityGlobals) = postSolution
		SolutionGuid = {CD8D8405-AD86-432F-98DC-71BF5B6437CA}
	EndGlobalSection
EndGlobal
